Microsoft Visual Studio Solution File, Format Version 12.00
# Visual Studio Version 17
VisualStudioVersion = 17.8.33205.214
MinimumVisualStudioVersion = 10.0.40219.1
Project("{2150E333-8FDC-42A3-9474-1A3956D46DE8}") = "src", "src", "{997693D4-3CAE-430B-A887-5A31E06A65DC}"
EndProject
Project("{2150E333-8FDC-42A3-9474-1A3956D46DE8}") = "Catalog", "Catalog", "{9F008F5C-5144-437F-B047-03275870EEC6}"
EndProject
Project("{2150E333-8FDC-42A3-9474-1A3956D46DE8}") = "Media", "Media", "{1D23E97A-16E7-4DD5-9EE6-0F9C4D486156}"
EndProject
Project("{2150E333-8FDC-42A3-9474-1A3956D46DE8}") = "tests", "tests", "{B7B5A0C4-4FD7-40B2-ABBD-9F72C2EF5B8E}"
EndProject
Project("{2150E333-8FDC-42A3-9474-1A3956D46DE8}") = "Catalog", "Catalog", "{082FE38E-95A5-4035-95EA-8226E74043D1}"
EndProject
Project("{2150E333-8FDC-42A3-9474-1A3956D46DE8}") = "Media", "Media", "{B904A100-36F6-4362-B541-8427396E2A80}"
EndProject
Project("{FAE04EC0-301F-11D3-BF4B-00C04F79EFBC}") = "AppHost", "src\AppHost\AppHost.csproj", "{C53E8D0E-9B95-43DD-86DD-C5116D794A92}"
EndProject
Project("{FAE04EC0-301F-11D3-BF4B-00C04F79EFBC}") = "ServiceDefaults", "src\ServiceDefaults\ServiceDefaults.csproj", "{9F44571A-2F40-4D79-90BA-1591DF7AF3C9}"
EndProject
Project("{FAE04EC0-301F-11D3-BF4B-00C04F79EFBC}") = "Catalog.Domain", "src\Catalog\Catalog.Domain\Catalog.Domain.csproj", "{7DD3034D-D40A-4F53-B600-201699BB6F5C}"
EndProject
Project("{FAE04EC0-301F-11D3-BF4B-00C04F79EFBC}") = "Catalog.Application", "src\Catalog\Catalog.Application\Catalog.Application.csproj", "{A4983A83-00FF-4448-9579-25AA631BB536}"
EndProject
Project("{FAE04EC0-301F-11D3-BF4B-00C04F79EFBC}") = "Catalog.Infrastructure", "src\Catalog\Catalog.Infrastructure\Catalog.Infrastructure.csproj", "{CA78404C-A1CF-430A-9081-D19CF87CFAA8}"
EndProject
Project("{FAE04EC0-301F-11D3-BF4B-00C04F79EFBC}") = "Catalog.Api", "src\Catalog\Catalog.Api\Catalog.Api.csproj", "{BB820B0F-161A-4E56-BED4-64BEED3F3A25}"
EndProject
Project("{FAE04EC0-301F-11D3-BF4B-00C04F79EFBC}") = "Media.Domain", "src\Media\Media.Domain\Media.Domain.csproj", "{DE0ADFF9-749C-467D-A500-2FBCE609BE9A}"
EndProject
Project("{FAE04EC0-301F-11D3-BF4B-00C04F79EFBC}") = "Media.Application", "src\Media\Media.Application\Media.Application.csproj", "{EB95D811-6D4D-4247-AEFB-4F208BB23F85}"
EndProject
Project("{FAE04EC0-301F-11D3-BF4B-00C04F79EFBC}") = "Media.Infrastructure", "src\Media\Media.Infrastructure\Media.Infrastructure.csproj", "{9B001015-EFF2-4BF0-9422-801053132DFE}"
EndProject
Project("{FAE04EC0-301F-11D3-BF4B-00C04F79EFBC}") = "Media.Api", "src\Media\Media.Api\Media.Api.csproj", "{4D3B1CB6-0A8E-4316-827F-BE28AF0474EB}"
EndProject
Project("{FAE04EC0-301F-11D3-BF4B-00C04F79EFBC}") = "Catalog.Application.Tests", "tests\Catalog.Application.Tests\Catalog.Application.Tests.csproj", "{2BDA4036-45CC-4453-936D-15DB6DD4FCC5}"
EndProject
Project("{FAE04EC0-301F-11D3-BF4B-00C04F79EFBC}") = "Catalog.Infrastructure.Tests", "tests\Catalog.Infrastructure.Tests\Catalog.Infrastructure.Tests.csproj", "{71AEE3E4-3006-4786-9B94-F47A15372CEA}"
EndProject
Project("{FAE04EC0-301F-11D3-BF4B-00C04F79EFBC}") = "Catalog.Domain.Tests", "tests\Catalog.Domain.Tests\Catalog.Domain.Tests.csproj", "{DB2B54A9-2515-427C-A906-0DB840CB5B9A}"
EndProject
Project("{FAE04EC0-301F-11D3-BF4B-00C04F79EFBC}") = "Media.Application.Tests", "tests\Media.Application.Tests\Media.Application.Tests.csproj", "{5AD87FB2-6410-43B1-BFAB-661E4557443D}"
EndProject
Project("{FAE04EC0-301F-11D3-BF4B-00C04F79EFBC}") = "Media.Infrastructure.Tests", "tests\Media.Infrastructure.Tests\Media.Infrastructure.Tests.csproj", "{5102DE94-1A02-4C60-94EB-1785AD1AB59D}"
EndProject
Global
GlobalSection(SolutionConfigurationPlatforms) = preSolution
Debug|Any CPU = Debug|Any CPU
Release|Any CPU = Release|Any CPU
EndGlobalSection
GlobalSection(ProjectConfigurationPlatforms) = postSolution
{C53E8D0E-9B95-43DD-86DD-C5116D794A92}.Debug|Any CPU.ActiveCfg = Debug|Any CPU
{C53E8D0E-9B95-43DD-86DD-C5116D794A92}.Debug|Any CPU.Build.0 = Debug|Any CPU
{C53E8D0E-9B95-43DD-86DD-C5116D794A92}.Release|Any CPU.ActiveCfg = Release|Any CPU
{C53E8D0E-9B95-43DD-86DD-C5116D794A92}.Release|Any CPU.Build.0 = Release|Any CPU
{9F44571A-2F40-4D79-90BA-1591DF7AF3C9}.Debug|Any CPU.ActiveCfg = Debug|Any CPU
{9F44571A-2F40-4D79-90BA-1591DF7AF3C9}.Debug|Any CPU.Build.0 = Debug|Any CPU
{9F44571A-2F40-4D79-90BA-1591DF7AF3C9}.Release|Any CPU.ActiveCfg = Release|Any CPU
{9F44571A-2F40-4D79-90BA-1591DF7AF3C9}.Release|Any CPU.Build.0 = Release|Any CPU
{7DD3034D-D40A-4F53-B600-201699BB6F5C}.Debug|Any CPU.ActiveCfg = Debug|Any CPU
{7DD3034D-D40A-4F53-B600-201699BB6F5C}.Debug|Any CPU.Build.0 = Debug|Any CPU
{7DD3034D-D40A-4F53-B600-201699BB6F5C}.Release|Any CPU.ActiveCfg = Release|Any CPU
{7DD3034D-D40A-4F53-B600-201699BB6F5C}.Release|Any CPU.Build.0 = Release|Any CPU
{A4983A83-00FF-4448-9579-25AA631BB536}.Debug|Any CPU.ActiveCfg = Debug|Any CPU
{A4983A83-00FF-4448-9579-25AA631BB536}.Debug|Any CPU.Build.0 = Debug|Any CPU
{A4983A83-00FF-4448-9579-25AA631BB536}.Release|Any CPU.ActiveCfg = Release|Any CPU
{A4983A83-00FF-4448-9579-25AA631BB536}.Release|Any CPU.Build.0 = Release|Any CPU
{CA78404C-A1CF-430A-9081-D19CF87CFAA8}.Debug|Any CPU.ActiveCfg = Debug|Any CPU
{CA78404C-A1CF-430A-9081-D19CF87CFAA8}.Debug|Any CPU.Build.0 = Debug|Any CPU
{CA78404C-A1CF-430A-9081-D19CF87CFAA8}.Release|Any CPU.ActiveCfg = Release|Any CPU
{CA78404C-A1CF-430A-9081-D19CF87CFAA8}.Release|Any CPU.Build.0 = Release|Any CPU
{BB820B0F-161A-4E56-BED4-64BEED3F3A25}.Debug|Any CPU.ActiveCfg = Debug|Any CPU
{BB820B0F-161A-4E56-BED4-64BEED3F3A25}.Debug|Any CPU.Build.0 = Debug|Any CPU
{BB820B0F-161A-4E56-BED4-64BEED3F3A25}.Release|Any CPU.ActiveCfg = Release|Any CPU
{BB820B0F-161A-4E56-BED4-64BEED3F3A25}.Release|Any CPU.Build.0 = Release|Any CPU
{DE0ADFF9-749C-467D-A500-2FBCE609BE9A}.Debug|Any CPU.ActiveCfg = Debug|Any CPU
{DE0ADFF9-749C-467D-A500-2FBCE609BE9A}.Debug|Any CPU.Build.0 = Debug|Any CPU
{DE0ADFF9-749C-467D-A500-2FBCE609BE9A}.Release|Any CPU.ActiveCfg = Release|Any CPU
{DE0ADFF9-749C-467D-A500-2FBCE609BE9A}.Release|Any CPU.Build.0 = Release|Any CPU
{EB95D811-6D4D-4247-AEFB-4F208BB23F85}.Debug|Any CPU.ActiveCfg = Debug|Any CPU
{EB95D811-6D4D-4247-AEFB-4F208BB23F85}.Debug|Any CPU.Build.0 = Debug|Any CPU
{EB95D811-6D4D-4247-AEFB-4F208BB23F85}.Release|Any CPU.ActiveCfg = Release|Any CPU
{EB95D811-6D4D-4247-AEFB-4F208BB23F85}.Release|Any CPU.Build.0 = Release|Any CPU
{9B001015-EFF2-4BF0-9422-801053132DFE}.Debug|Any CPU.ActiveCfg = Debug|Any CPU
{9B001015-EFF2-4BF0-9422-801053132DFE}.Debug|Any CPU.Build.0 = Debug|Any CPU
{9B001015-EFF2-4BF0-9422-801053132DFE}.Release|Any CPU.ActiveCfg = Release|Any CPU
{9B001015-EFF2-4BF0-9422-801053132DFE}.Release|Any CPU.Build.0 = Release|Any CPU
{4D3B1CB6-0A8E-4316-827F-BE28AF0474EB}.Debug|Any CPU.ActiveCfg = Debug|Any CPU
{4D3B1CB6-0A8E-4316-827F-BE28AF0474EB}.Debug|Any CPU.Build.0 = Debug|Any CPU
{4D3B1CB6-0A8E-4316-827F-BE28AF0474EB}.Release|Any CPU.ActiveCfg = Release|Any CPU
{4D3B1CB6-0A8E-4316-827F-BE28AF0474EB}.Release|Any CPU.Build.0 = Release|Any CPU
{2BDA4036-45CC-4453-936D-15DB6DD4FCC5}.Debug|Any CPU.ActiveCfg = Debug|Any CPU
{2BDA4036-45CC-4453-936D-15DB6DD4FCC5}.Debug|Any CPU.Build.0 = Debug|Any CPU
{2BDA4036-45CC-4453-936D-15DB6DD4FCC5}.Release|Any CPU.ActiveCfg = Release|Any CPU
{2BDA4036-45CC-4453-936D-15DB6DD4FCC5}.Release|Any CPU.Build.0 = Release|Any CPU
{71AEE3E4-3006-4786-9B94-F47A15372CEA}.Debug|Any CPU.ActiveCfg = Debug|Any CPU
{71AEE3E4-3006-4786-9B94-F47A15372CEA}.Debug|Any CPU.Build.0 = Debug|Any CPU
{71AEE3E4-3006-4786-9B94-F47A15372CEA}.Release|Any CPU.ActiveCfg = Release|Any CPU
{71AEE3E4-3006-4786-9B94-F47A15372CEA}.Release|Any CPU.Build.0 = Release|Any CPU
{DB2B54A9-2515-427C-A906-0DB840CB5B9A}.Debug|Any CPU.ActiveCfg = Debug|Any CPU
{DB2B54A9-2515-427C-A906-0DB840CB5B9A}.Debug|Any CPU.Build.0 = Debug|Any CPU
{DB2B54A9-2515-427C-A906-0DB840CB5B9A}.Release|Any CPU.ActiveCfg = Release|Any CPU
{DB2B54A9-2515-427C-A906-0DB840CB5B9A}.Release|Any CPU.Build.0 = Release|Any CPU
{5AD87FB2-6410-43B1-BFAB-661E4557443D}.Debug|Any CPU.ActiveCfg = Debug|Any CPU
{5AD87FB2-6410-43B1-BFAB-661E4557443D}.Debug|Any CPU.Build.0 = Debug|Any CPU
{5AD87FB2-6410-43B1-BFAB-661E4557443D}.Release|Any CPU.ActiveCfg = Release|Any CPU
{5AD87FB2-6410-43B1-BFAB-661E4557443D}.Release|Any CPU.Build.0 = Release|Any CPU
{5102DE94-1A02-4C60-94EB-1785AD1AB59D}.Debug|Any CPU.ActiveCfg = Debug|Any CPU
{5102DE94-1A02-4C60-94EB-1785AD1AB59D}.Debug|Any CPU.Build.0 = Debug|Any CPU
{5102DE94-1A02-4C60-94EB-1785AD1AB59D}.Release|Any CPU.ActiveCfg = Release|Any CPU
{5102DE94-1A02-4C60-94EB-1785AD1AB59D}.Release|Any CPU.Build.0 = Release|Any CPU
EndGlobalSection
GlobalSection(SolutionProperties) = preSolution
HideSolutionNode = FALSE
EndGlobalSection
GlobalSection(NestedProjects) = preSolution
{9F008F5C-5144-437F-B047-03275870EEC6} = {997693D4-3CAE-430B-A887-5A31E06A65DC}
{1D23E97A-16E7-4DD5-9EE6-0F9C4D486156} = {997693D4-3CAE-430B-A887-5A31E06A65DC}
{C53E8D0E-9B95-43DD-86DD-C5116D794A92} = {997693D4-3CAE-430B-A887-5A31E06A65DC}
{9F44571A-2F40-4D79-90BA-1591DF7AF3C9} = {997693D4-3CAE-430B-A887-5A31E06A65DC}
{7DD3034D-D40A-4F53-B600-201699BB6F5C} = {9F008F5C-5144-437F-B047-03275870EEC6}
{A4983A83-00FF-4448-9579-25AA631BB536} = {9F008F5C-5144-437F-B047-03275870EEC6}
{CA78404C-A1CF-430A-9081-D19CF87CFAA8} = {9F008F5C-5144-437F-B047-03275870EEC6}
{BB820B0F-161A-4E56-BED4-64BEED3F3A25} = {9F008F5C-5144-437F-B047-03275870EEC6}
{DE0ADFF9-749C-467D-A500-2FBCE609BE9A} = {1D23E97A-16E7-4DD5-9EE6-0F9C4D486156}
{EB95D811-6D4D-4247-AEFB-4F208BB23F85} = {1D23E97A-16E7-4DD5-9EE6-0F9C4D486156}
{9B001015-EFF2-4BF0-9422-801053132DFE} = {1D23E97A-16E7-4DD5-9EE6-0F9C4D486156}
{4D3B1CB6-0A8E-4316-827F-BE28AF0474EB} = {1D23E97A-16E7-4DD5-9EE6-0F9C4D486156}
{082FE38E-95A5-4035-95EA-8226E74043D1} = {B7B5A0C4-4FD7-40B2-ABBD-9F72C2EF5B8E}
{B904A100-36F6-4362-B541-8427396E2A80} = {B7B5A0C4-4FD7-40B2-ABBD-9F72C2EF5B8E}
{2BDA4036-45CC-4453-936D-15DB6DD4FCC5} = {082FE38E-95A5-4035-95EA-8226E74043D1}
{71AEE3E4-3006-4786-9B94-F47A15372CEA} = {082FE38E-95A5-4035-95EA-8226E74043D1}
{DB2B54A9-2515-427C-A906-0DB840CB5B9A} = {082FE38E-95A5-4035-95EA-8226E74043D1}
{5AD87FB2-6410-43B1-BFAB-661E4557443D} = {B904A100-36F6-4362-B541-8427396E2A80}
{5102DE94-1A02-4C60-94EB-1785AD1AB59D} = {B904A100-36F6-4362-B541-8427396E2A80}
EndGlobalSection
EndGlobal
